{
  "requires": true,
  "lockfileVersion": 1,
  "dependencies": {
    "css-element-queries": {
      "version": "1.2.3",
      "resolved": "https://registry.npmjs.org/css-element-queries/-/css-element-queries-1.2.3.tgz",
      "integrity": "sha512-QK9uovYmKTsV2GXWQiMOByVNrLn2qz6m3P7vWpOR4IdD6I3iXoDw5qtgJEN3Xq7gIbdHVKvzHjdAtcl+4Arc4Q==",
      "optional": true
    },
    "mason-js": {
      "version": "1.0.4",
      "resolved": "https://registry.npmjs.org/mason-js/-/mason-js-1.0.4.tgz",
      "integrity": "sha512-B1/GcqehoE9wgzfw6j2U4+RrucnH8SlVk56Jfh2SDmGdRveQzf3NpJXXMk5efDUyoLBu21AC1rsG/Xnnkfs/BA==",
      "requires": {
        "css-element-queries": "^1.2.3"
      }
    }
  }
}
